{
  "name": "aoc-2024",
  "version": "1.0.0",
  "lockfileVersion": 3,
  "requires": true,
  "packages": {
    "": {
      "name": "aoc-2024",
      "version": "1.0.0",
      "license": "ISC",
      "dependencies": {
        "aoc-2024": "file:"
      }
    },
    "node_modules/aoc-2024": {
      "resolved": "",
      "link": true
    }
  }
}
